lockfileVersion: '9.0'

settings:
  autoInstallPeers: false
  excludeLinksFromLockfile: false

importers:

  .:
    devDependencies:
      socket:
        specifier: 1.1.143
        version: 1.1.143

packages:

  '@socketsecurity/socket-patch-android-arm64@2.0.0':
    resolution: {integrity: sha512-R/xsoKr0pRpxHeqoIxMj7R4w77mBPQ5Asv4PpNg2UTIEhxUx9XyXW7MVq9XjjrnWIEMpV1TwOptjvBicFTZZAQ==}
    cpu: [arm64]
    os: [android]

  '@socketsecurity/socket-patch-darwin-arm64@2.0.0':
    resolution: {integrity: sha512-Qtra40wpKeH59VggrXIopdxr0OcyDj/1bOlUqHfyNkoKWwFoifZ3IQGb4N2DP5FfTXKRGcc8GkBntHkv2xqnnw==}
    cpu: [arm64]
    os: [darwin]

  '@socketsecurity/socket-patch-darwin-x64@2.0.0':
    resolution: {integrity: sha512-ZXpbjqEg6JOD/Kbrd7pN1DgrMCqwRzngheFHjTZ4PCBmF6c631ePWTHgKcxUIFakiTLCU11+hhX97wZ/gZ0Krg==}
    cpu: [x64]
    os: [darwin]

  '@socketsecurity/socket-patch-linux-arm64@2.0.0':
    resolution: {integrity: sha512-kA04/a41J4LrTTidM+kn4FCcViCqccrnhsKOSwdVrhP+d7c8Op0uCtcJZ1HdmT5iwFKQsiHkg/99gIUsJ9vUzQ==}
    cpu: [arm64]
    os: [linux]

  '@socketsecurity/socket-patch-linux-arm@2.0.0':
    resolution: {integrity: sha512-ynXffPV/Ay/T+rT/spcHyexxBhwmrXQ5nTI8z48dHIlnv0utnWsVq2zhC9fffzxRwhLC/949A0pSaBaCIGih+A==}
    cpu: [arm]
    os: [linux]

  '@socketsecurity/socket-patch-linux-ia32@2.0.0':
    resolution: {integrity: sha512-N7rMgHf0q1U0Fl4YQn8/DhheSSsP72uH9+irADyVwtx7BJMAk4jsryynwqBQvBul9556M4ObmcH91AnIqIrvNg==}
    cpu: [ia32]
    os: [linux]

  '@socketsecurity/socket-patch-linux-x64@2.0.0':
    resolution: {integrity: sha512-WpPUqgbYxGGe0OSbxyol+lMbB3F7uhTaH2r7wbyq5ks8qwiHzFn2IXSFjkeJSaeMuqrFfsu2yWrSfgyN1ybP2Q==}
    cpu: [x64]
    os: [linux]

  '@socketsecurity/socket-patch-win32-arm64@2.0.0':
    resolution: {integrity: sha512-Hqp0qKxqHlEkqszOChFPOihnxbqON0Sv0i5G+twCAtMB277KlfwOkEuLVvlFnSHxbwOyQ9MVJ0NpzSIN6ovOlQ==}
    cpu: [arm64]
    os: [win32]

  '@socketsecurity/socket-patch-win32-ia32@2.0.0':
    resolution: {integrity: sha512-WB8suzfmTgyIWbF/4FRLqsMKbNg64pYZsZhMwIRG2Dct3JQH6XK0wVNeH289LOHEQ0+isEpCNYFiQzEdRHfZOg==}
    cpu: [ia32]
    os: [win32]

  '@socketsecurity/socket-patch-win32-x64@2.0.0':
    resolution: {integrity: sha512-TimHyh/FoHYvYao8MDHXnfd69+K1Js9Uak1BjU62Bk2VKSQUS279eOwrMSltyyzZ8LvnJIhMispe+a+12/2VHw==}
    cpu: [x64]
    os: [win32]

  '@socketsecurity/socket-patch@2.0.0':
    resolution: {integrity: sha512-WyKOelgSuE17ReOdcrYQ2fBm6kHvdkDm55b3owHC7WoU1FLNzRnv47J0bkoNgNObB6KedTiQLVzf/ZvbuIl5oQ==}
    engines: {node: '>=18.0.0'}
    hasBin: true

  socket@1.1.143:
    resolution: {integrity: sha512-DmIACOHWSvtVZwWJjRHvnkFG8y0JzefMi6sQ7VE+1IFxYaXa1PXOcnF9DtzmR5vsaSWegdUCu3p3+qVnmHXLbw==}
    engines: {node: '>=18.20.8', pnpm: '>=10.33.0'}
    hasBin: true

  zod@3.25.76:
    resolution: {integrity: sha512-gzUt/qt81nXsFGKIFcC3YnfEAx5NkunCfnDlvuBSSFS02bcXu4Lmea0AFIUwbLWxWPx3d9p8S5QoaujKcNQxcQ==}

snapshots:

  '@socketsecurity/socket-patch-android-arm64@2.0.0':
    optional: true

  '@socketsecurity/socket-patch-darwin-arm64@2.0.0':
    optional: true

  '@socketsecurity/socket-patch-darwin-x64@2.0.0':
    optional: true

  '@socketsecurity/socket-patch-linux-arm64@2.0.0':
    optional: true

  '@socketsecurity/socket-patch-linux-arm@2.0.0':
    optional: true

  '@socketsecurity/socket-patch-linux-ia32@2.0.0':
    optional: true

  '@socketsecurity/socket-patch-linux-x64@2.0.0':
    optional: true

  '@socketsecurity/socket-patch-win32-arm64@2.0.0':
    optional: true

  '@socketsecurity/socket-patch-win32-ia32@2.0.0':
    optional: true

  '@socketsecurity/socket-patch-win32-x64@2.0.0':
    optional: true

  '@socketsecurity/socket-patch@2.0.0':
    dependencies:
      zod: 3.25.76
    optionalDependencies:
      '@socketsecurity/socket-patch-android-arm64': 2.0.0
      '@socketsecurity/socket-patch-darwin-arm64': 2.0.0
      '@socketsecurity/socket-patch-darwin-x64': 2.0.0
      '@socketsecurity/socket-patch-linux-arm': 2.0.0
      '@socketsecurity/socket-patch-linux-arm64': 2.0.0
      '@socketsecurity/socket-patch-linux-ia32': 2.0.0
      '@socketsecurity/socket-patch-linux-x64': 2.0.0
      '@socketsecurity/socket-patch-win32-arm64': 2.0.0
      '@socketsecurity/socket-patch-win32-ia32': 2.0.0
      '@socketsecurity/socket-patch-win32-x64': 2.0.0

  socket@1.1.143:
    dependencies:
      '@socketsecurity/socket-patch': 2.0.0

  zod@3.25.76: {}
